{
  "name": "AWS-SES",
  "version": "1.0.0",
  "lockfileVersion": 1,
  "requires": true,
  "dependencies": {
    "dotenv": {
      "version": "8.2.0",
      "resolved": "https://registry.npmjs.org/dotenv/-/dotenv-8.2.0.tgz",
      "integrity": "sha512-8sJ78ElpbDJBHNeBzUbUVLsqKdccaa/BXF1uPTw3GrvQTBgrQrtObr2mUrE38vzYd8cEv+m/JBfDLioYcfXoaw=="
    },
    "notenv": {
      "version": "2.0.3",
      "resolved": "https://registry.npmjs.org/notenv/-/notenv-2.0.3.tgz",
      "integrity": "sha512-sxHSLpLEEn9ucShKkw4xI72iyeykacyuH6oqdv8eid1oFgXB0woc+7uvkb1t0CZ6K9NdSRGdVhmoaexwmnvQIA==",
      "requires": {
        "tslib": "^2.0.0"
      }
    },
    "tslib": {
      "version": "2.0.0",
      "resolved": "https://registry.npmjs.org/tslib/-/tslib-2.0.0.tgz",
      "integrity": "sha512-lTqkx847PI7xEDYJntxZH89L2/aXInsyF2luSafe/+0fHOMjlBNXdH6th7f70qxLDhul7KZK0zC8V5ZIyHl0/g=="
    }
  }
}
